
Microsoft Visual Studio Solution File, Format Version 12.00
# Visual Studio Version 17
VisualStudioVersion = 17.2.32630.192
MinimumVisualStudioVersion = 10.0.40219.1
Project("{FAE04EC0-301F-11D3-BF4B-00C04F79EFBC}") = "PL", "PL\PL.csproj", "{EF22F729-07F4-4DEB-8009-8CCF547130B0}"
EndProject
Project("{FAE04EC0-301F-11D3-BF4B-00C04F79EFBC}") = "SL", "SL\SL.csproj", "{D85DADBE-1B25-4CAC-8E53-867DA5A5CB8F}"
EndProject
Project("{FAE04EC0-301F-11D3-BF4B-00C04F79EFBC}") = "BL", "BL\BL.csproj", "{6F1560A6-643A-4DAA-9BD8-1D8E5BB113FF}"
EndProject
Project("{FAE04EC0-301F-11D3-BF4B-00C04F79EFBC}") = "DL", "DL\DL.csproj", "{22E5EA24-6CDE-4F5A-BF56-3CC1A7FCED09}"
EndProject
Project("{FAE04EC0-301F-11D3-BF4B-00C04F79EFBC}") = "ML", "ML\ML.csproj", "{61E92563-97DE-4F8A-BB10-11D6FAEDAD2C}"
EndProject
Global
	GlobalSection(SolutionConfigurationPlatforms) = preSolution
		Debug|Any CPU = Debug|Any CPU
		Release|Any CPU = Release|Any CPU
	EndGlobalSection
	GlobalSection(ProjectConfigurationPlatforms) = postSolution
		{EF22F729-07F4-4DEB-8009-8CCF547130B0}.Debug|Any CPU.ActiveCfg = Debug|Any CPU
		{EF22F729-07F4-4DEB-8009-8CCF547130B0}.Debug|Any CPU.Build.0 = Debug|Any CPU
		{EF22F729-07F4-4DEB-8009-8CCF547130B0}.Release|Any CPU.ActiveCfg = Release|Any CPU
		{EF22F729-07F4-4DEB-8009-8CCF547130B0}.Release|Any CPU.Build.0 = Release|Any CPU
		{D85DADBE-1B25-4CAC-8E53-867DA5A5CB8F}.Debug|Any CPU.ActiveCfg = Debug|Any CPU
		{D85DADBE-1B25-4CAC-8E53-867DA5A5CB8F}.Debug|Any CPU.Build.0 = Debug|Any CPU
		{D85DADBE-1B25-4CAC-8E53-867DA5A5CB8F}.Release|Any CPU.ActiveCfg = Release|Any CPU
		{D85DADBE-1B25-4CAC-8E53-867DA5A5CB8F}.Release|Any CPU.Build.0 = Release|Any CPU
		{6F1560A6-643A-4DAA-9BD8-1D8E5BB113FF}.Debug|Any CPU.ActiveCfg = Debug|Any CPU
		{6F1560A6-643A-4DAA-9BD8-1D8E5BB113FF}.Debug|Any CPU.Build.0 = Debug|Any CPU
		{6F1560A6-643A-4DAA-9BD8-1D8E5BB113FF}.Release|Any CPU.ActiveCfg = Release|Any CPU
		{6F1560A6-643A-4DAA-9BD8-1D8E5BB113FF}.Release|Any CPU.Build.0 = Release|Any CPU
		{22E5EA24-6CDE-4F5A-BF56-3CC1A7FCED09}.Debug|Any CPU.ActiveCfg = Debug|Any CPU
		{22E5EA24-6CDE-4F5A-BF56-3CC1A7FCED09}.Debug|Any CPU.Build.0 = Debug|Any CPU
		{22E5EA24-6CDE-4F5A-BF56-3CC1A7FCED09}.Release|Any CPU.ActiveCfg = Release|Any CPU
		{22E5EA24-6CDE-4F5A-BF56-3CC1A7FCED09}.Release|Any CPU.Build.0 = Release|Any CPU
		{61E92563-97DE-4F8A-BB10-11D6FAEDAD2C}.Debug|Any CPU.ActiveCfg = Debug|Any CPU
		{61E92563-97DE-4F8A-BB10-11D6FAEDAD2C}.Debug|Any CPU.Build.0 = Debug|Any CPU
		{61E92563-97DE-4F8A-BB10-11D6FAEDAD2C}.Release|Any CPU.ActiveCfg = Release|Any CPU
		{61E92563-97DE-4F8A-BB10-11D6FAEDAD2C}.Release|Any CPU.Build.0 = Release|Any CPU
	EndGlobalSection
	GlobalSection(SolutionProperties) = preSolution
		HideSolutionNode = FALSE
	EndGlobalSection
	GlobalSection(ExtensibilityGlobals) = postSolution
		SolutionGuid = {4CEA3676-8736-4041-8064-78D7C48595B6}
	EndGlobalSection
EndGlobal
